
Microsoft Visual Studio Solution File, Format Version 12.00
# Visual Studio Version 16
VisualStudioVersion = 16.0.31624.102
MinimumVisualStudioVersion = 10.0.40219.1
Project("{FAE04EC0-301F-11D3-BF4B-00C04F79EFBC}") = "ITToolbelt.Entity", "ITToolbelt.Entity\ITToolbelt.Entity.csproj", "{D4485D69-6004-4F8D-B235-4D17652C4E9C}"
EndProject
Project("{FAE04EC0-301F-11D3-BF4B-00C04F79EFBC}") = "ITToolbelt.Dal", "ITToolbelt.Dal\ITToolbelt.Dal.csproj", "{85D606FA-180C-44D9-8A10-E09855FAB04B}"
EndProject
Project("{FAE04EC0-301F-11D3-BF4B-00C04F79EFBC}") = "ITToolbelt.Bll", "ITToolbelt.Bll\ITToolbelt.Bll.csproj", "{CFF1CD8A-36E2-4D81-A65C-1B98AAB39ED2}"
EndProject
Project("{FAE04EC0-301F-11D3-BF4B-00C04F79EFBC}") = "ITToolbelt.WinForms", "ITToolbelt.WinForms\ITToolbelt.WinForms.csproj", "{C135764D-5D21-49D7-B7DD-FD8D06CDD5B2}"
EndProject
Project("{00D1A9C2-B5F0-4AF3-8072-F6C62B433612}") = "ITToolbelt.MsSqlScripts", "ITToolbelt.MsSqlScripts\ITToolbelt.MsSqlScripts.sqlproj", "{76F56A7A-66AC-4F11-884D-00597967597D}"
EndProject
Project("{FAE04EC0-301F-11D3-BF4B-00C04F79EFBC}") = "ITToolbelt.Shared", "ITToolbelt.Shared\ITToolbelt.Shared.csproj", "{14F9F453-F472-43F9-A514-0E892345C2DD}"
EndProject
Global
	GlobalSection(SolutionConfigurationPlatforms) = preSolution
		Debug|Any CPU = Debug|Any CPU
		Release|Any CPU = Release|Any CPU
	EndGlobalSection
	GlobalSection(ProjectConfigurationPlatforms) = postSolution
		{D4485D69-6004-4F8D-B235-4D17652C4E9C}.Debug|Any CPU.ActiveCfg = Debug|Any CPU
		{D4485D69-6004-4F8D-B235-4D17652C4E9C}.Debug|Any CPU.Build.0 = Debug|Any CPU
		{D4485D69-6004-4F8D-B235-4D17652C4E9C}.Release|Any CPU.ActiveCfg = Release|Any CPU
		{D4485D69-6004-4F8D-B235-4D17652C4E9C}.Release|Any CPU.Build.0 = Release|Any CPU
		{85D606FA-180C-44D9-8A10-E09855FAB04B}.Debug|Any CPU.ActiveCfg = Debug|Any CPU
		{85D606FA-180C-44D9-8A10-E09855FAB04B}.Debug|Any CPU.Build.0 = Debug|Any CPU
		{85D606FA-180C-44D9-8A10-E09855FAB04B}.Release|Any CPU.ActiveCfg = Release|Any CPU
		{85D606FA-180C-44D9-8A10-E09855FAB04B}.Release|Any CPU.Build.0 = Release|Any CPU
		{CFF1CD8A-36E2-4D81-A65C-1B98AAB39ED2}.Debug|Any CPU.ActiveCfg = Debug|Any CPU
		{CFF1CD8A-36E2-4D81-A65C-1B98AAB39ED2}.Debug|Any CPU.Build.0 = Debug|Any CPU
		{CFF1CD8A-36E2-4D81-A65C-1B98AAB39ED2}.Release|Any CPU.ActiveCfg = Release|Any CPU
		{CFF1CD8A-36E2-4D81-A65C-1B98AAB39ED2}.Release|Any CPU.Build.0 = Release|Any CPU
		{C135764D-5D21-49D7-B7DD-FD8D06CDD5B2}.Debug|Any CPU.ActiveCfg = Debug|Any CPU
		{C135764D-5D21-49D7-B7DD-FD8D06CDD5B2}.Debug|Any CPU.Build.0 = Debug|Any CPU
		{C135764D-5D21-49D7-B7DD-FD8D06CDD5B2}.Release|Any CPU.ActiveCfg = Release|Any CPU
		{C135764D-5D21-49D7-B7DD-FD8D06CDD5B2}.Release|Any CPU.Build.0 = Release|Any CPU
		{76F56A7A-66AC-4F11-884D-00597967597D}.Debug|Any CPU.ActiveCfg = Debug|Any CPU
		{76F56A7A-66AC-4F11-884D-00597967597D}.Debug|Any CPU.Build.0 = Debug|Any CPU
		{76F56A7A-66AC-4F11-884D-00597967597D}.Debug|Any CPU.Deploy.0 = Debug|Any CPU
		{76F56A7A-66AC-4F11-884D-00597967597D}.Release|Any CPU.ActiveCfg = Release|Any CPU
		{76F56A7A-66AC-4F11-884D-00597967597D}.Release|Any CPU.Build.0 = Release|Any CPU
		{76F56A7A-66AC-4F11-884D-00597967597D}.Release|Any CPU.Deploy.0 = Release|Any CPU
		{14F9F453-F472-43F9-A514-0E892345C2DD}.Debug|Any CPU.ActiveCfg = Debug|Any CPU
		{14F9F453-F472-43F9-A514-0E892345C2DD}.Debug|Any CPU.Build.0 = Debug|Any CPU
		{14F9F453-F472-43F9-A514-0E892345C2DD}.Release|Any CPU.ActiveCfg = Release|Any CPU
		{14F9F453-F472-43F9-A514-0E892345C2DD}.Release|Any CPU.Build.0 = Release|Any CPU
	EndGlobalSection
	GlobalSection(SolutionProperties) = preSolution
		HideSolutionNode = FALSE
	EndGlobalSection
	GlobalSection(ExtensibilityGlobals) = postSolution
		SolutionGuid = {F20A083F-F681-4A2C-8E99-2020B8F11516}
	EndGlobalSection
EndGlobal
